
Microsoft Visual Studio Solution File, Format Version 12.00
# Visual Studio 14
VisualStudioVersion = 14.0.25420.1
MinimumVisualStudioVersion = 10.0.40219.1
Project("{FAE04EC0-301F-11D3-BF4B-00C04F79EFBC}") = "XamarinApp", "XamarinApp\XamarinApp\XamarinApp.csproj", "{AF4CEDEC-6DA6-4199-B07D-5B8B357310BC}"
EndProject
Project("{FAE04EC0-301F-11D3-BF4B-00C04F79EFBC}") = "XamarinApp.Droid", "XamarinApp\XamarinApp.Droid\XamarinApp.Droid.csproj", "{DFD58EC4-35CC-4F2B-B9B4-9FD6AFE143D1}"
EndProject
Project("{FAE04EC0-301F-11D3-BF4B-00C04F79EFBC}") = "XamarinApp.iOS", "XamarinApp\XamarinApp.iOS\XamarinApp.iOS.csproj", "{C9CBD744-48AD-406E-8FBA-4A640F63A081}"
EndProject
Project("{FAE04EC0-301F-11D3-BF4B-00C04F79EFBC}") = "XamarinApp.WinPhone", "XamarinApp\XamarinApp.WinPhone\XamarinApp.WinPhone.csproj", "{DA5E09E0-14AB-43F9-A691-CB95CC99B0C3}"
EndProject
Project("{FAE04EC0-301F-11D3-BF4B-00C04F79EFBC}") = "XamarinApp.Windows", "XamarinApp\XamarinApp.Windows\XamarinApp.Windows.csproj", "{34CFB331-05DF-430C-B957-DDFC17F33692}"
EndProject
Global
	GlobalSection(SolutionConfigurationPlatforms) = preSolution
		Ad-Hoc|Any CPU = Ad-Hoc|Any CPU
		Ad-Hoc|ARM = Ad-Hoc|ARM
		Ad-Hoc|iPhone = Ad-Hoc|iPhone
		Ad-Hoc|iPhoneSimulator = Ad-Hoc|iPhoneSimulator
		Ad-Hoc|x64 = Ad-Hoc|x64
		Ad-Hoc|x86 = Ad-Hoc|x86
		AppStore|Any CPU = AppStore|Any CPU
		AppStore|ARM = AppStore|ARM
		AppStore|iPhone = AppStore|iPhone
		AppStore|iPhoneSimulator = AppStore|iPhoneSimulator
		AppStore|x64 = AppStore|x64
		AppStore|x86 = AppStore|x86
		Debug|Any CPU = Debug|Any CPU
		Debug|ARM = Debug|ARM
		Debug|iPhone = Debug|iPhone
		Debug|iPhoneSimulator = Debug|iPhoneSimulator
		Debug|x64 = Debug|x64
		Debug|x86 = Debug|x86
		Release|Any CPU = Release|Any CPU
		Release|ARM = Release|ARM
		Release|iPhone = Release|iPhone
		Release|iPhoneSimulator = Release|iPhoneSimulator
		Release|x64 = Release|x64
		Release|x86 = Release|x86
	EndGlobalSection
	GlobalSection(ProjectConfigurationPlatforms) = postSolution
		{AF4CEDEC-6DA6-4199-B07D-5B8B357310BC}.Ad-Hoc|Any CPU.ActiveCfg = Release|Any CPU
		{AF4CEDEC-6DA6-4199-B07D-5B8B357310BC}.Ad-Hoc|Any CPU.Build.0 = Release|Any CPU
		{AF4CEDEC-6DA6-4199-B07D-5B8B357310BC}.Ad-Hoc|ARM.ActiveCfg = Release|Any CPU
		{AF4CEDEC-6DA6-4199-B07D-5B8B357310BC}.Ad-Hoc|ARM.Build.0 = Release|Any CPU
		{AF4CEDEC-6DA6-4199-B07D-5B8B357310BC}.Ad-Hoc|iPhone.ActiveCfg = Release|Any CPU
		{AF4CEDEC-6DA6-4199-B07D-5B8B357310BC}.Ad-Hoc|iPhone.Build.0 = Release|Any CPU
		{AF4CEDEC-6DA6-4199-B07D-5B8B357310BC}.Ad-Hoc|iPhoneSimulator.ActiveCfg = Release|Any CPU
		{AF4CEDEC-6DA6-4199-B07D-5B8B357310BC}.Ad-Hoc|iPhoneSimulator.Build.0 = Release|Any CPU
		{AF4CEDEC-6DA6-4199-B07D-5B8B357310BC}.Ad-Hoc|x64.ActiveCfg = Release|Any CPU
		{AF4CEDEC-6DA6-4199-B07D-5B8B357310BC}.Ad-Hoc|x64.Build.0 = Release|Any CPU
		{AF4CEDEC-6DA6-4199-B07D-5B8B357310BC}.Ad-Hoc|x86.ActiveCfg = Release|Any CPU
		{AF4CEDEC-6DA6-4199-B07D-5B8B357310BC}.Ad-Hoc|x86.Build.0 = Release|Any CPU
		{AF4CEDEC-6DA6-4199-B07D-5B8B357310BC}.AppStore|Any CPU.ActiveCfg = Release|Any CPU
		{AF4CEDEC-6DA6-4199-B07D-5B8B357310BC}.AppStore|Any CPU.Build.0 = Release|Any CPU
		{AF4CEDEC-6DA6-4199-B07D-5B8B357310BC}.AppStore|ARM.ActiveCfg = Release|Any CPU
		{AF4CEDEC-6DA6-4199-B07D-5B8B357310BC}.AppStore|ARM.Build.0 = Release|Any CPU
		{AF4CEDEC-6DA6-4199-B07D-5B8B357310BC}.AppStore|iPhone.ActiveCfg = Release|Any CPU
		{AF4CEDEC-6DA6-4199-B07D-5B8B357310BC}.AppStore|iPhone.Build.0 = Release|Any CPU
		{AF4CEDEC-6DA6-4199-B07D-5B8B357310BC}.AppStore|iPhoneSimulator.ActiveCfg = Release|Any CPU
		{AF4CEDEC-6DA6-4199-B07D-5B8B357310BC}.AppStore|iPhoneSimulator.Build.0 = Release|Any CPU
		{AF4CEDEC-6DA6-4199-B07D-5B8B357310BC}.AppStore|x64.ActiveCfg = Release|Any CPU
		{AF4CEDEC-6DA6-4199-B07D-5B8B357310BC}.AppStore|x64.Build.0 = Release|Any CPU
		{AF4CEDEC-6DA6-4199-B07D-5B8B357310BC}.AppStore|x86.ActiveCfg = Release|Any CPU
		{AF4CEDEC-6DA6-4199-B07D-5B8B357310BC}.AppStore|x86.Build.0 = Release|Any CPU
		{AF4CEDEC-6DA6-4199-B07D-5B8B357310BC}.Debug|Any CPU.ActiveCfg = Debug|Any CPU
		{AF4CEDEC-6DA6-4199-B07D-5B8B357310BC}.Debug|Any CPU.Build.0 = Debug|Any CPU
		{AF4CEDEC-6DA6-4199-B07D-5B8B357310BC}.Debug|ARM.ActiveCfg = Debug|Any CPU
		{AF4CEDEC-6DA6-4199-B07D-5B8B357310BC}.Debug|ARM.Build.0 = Debug|Any CPU
		{AF4CEDEC-6DA6-4199-B07D-5B8B357310BC}.Debug|iPhone.ActiveCfg = Debug|Any CPU
		{AF4CEDEC-6DA6-4199-B07D-5B8B357310BC}.Debug|iPhone.Build.0 = Debug|Any CPU
		{AF4CEDEC-6DA6-4199-B07D-5B8B357310BC}.Debug|iPhoneSimulator.ActiveCfg = Debug|Any CPU
		{AF4CEDEC-6DA6-4199-B07D-5B8B357310BC}.Debug|iPhoneSimulator.Build.0 = Debug|Any CPU
		{AF4CEDEC-6DA6-4199-B07D-5B8B357310BC}.Debug|x64.ActiveCfg = Debug|Any CPU
		{AF4CEDEC-6DA6-4199-B07D-5B8B357310BC}.Debug|x64.Build.0 = Debug|Any CPU
		{AF4CEDEC-6DA6-4199-B07D-5B8B357310BC}.Debug|x86.ActiveCfg = Debug|Any CPU
		{AF4CEDEC-6DA6-4199-B07D-5B8B357310BC}.Debug|x86.Build.0 = Debug|Any CPU
		{AF4CEDEC-6DA6-4199-B07D-5B8B357310BC}.Release|Any CPU.ActiveCfg = Release|Any CPU
		{AF4CEDEC-6DA6-4199-B07D-5B8B357310BC}.Release|Any CPU.Build.0 = Release|Any CPU
		{AF4CEDEC-6DA6-4199-B07D-5B8B357310BC}.Release|ARM.ActiveCfg = Release|Any CPU
		{AF4CEDEC-6DA6-4199-B07D-5B8B357310BC}.Release|ARM.Build.0 = Release|Any CPU
		{AF4CEDEC-6DA6-4199-B07D-5B8B357310BC}.Release|iPhone.ActiveCfg = Release|Any CPU
		{AF4CEDEC-6DA6-4199-B07D-5B8B357310BC}.Release|iPhone.Build.0 = Release|Any CPU
		{AF4CEDEC-6DA6-4199-B07D-5B8B357310BC}.Release|iPhoneSimulator.ActiveCfg = Release|Any CPU
		{AF4CEDEC-6DA6-4199-B07D-5B8B357310BC}.Release|iPhoneSimulator.Build.0 = Release|Any CPU
		{AF4CEDEC-6DA6-4199-B07D-5B8B357310BC}.Release|x64.ActiveCfg = Release|Any CPU
		{AF4CEDEC-6DA6-4199-B07D-5B8B357310BC}.Release|x64.Build.0 = Release|Any CPU
		{AF4CEDEC-6DA6-4199-B07D-5B8B357310BC}.Release|x86.ActiveCfg = Release|Any CPU
		{AF4CEDEC-6DA6-4199-B07D-5B8B357310BC}.Release|x86.Build.0 = Release|Any CPU
		{DFD58EC4-35CC-4F2B-B9B4-9FD6AFE143D1}.Ad-Hoc|Any CPU.ActiveCfg = Release|Any CPU
		{DFD58EC4-35CC-4F2B-B9B4-9FD6AFE143D1}.Ad-Hoc|Any CPU.Build.0 = Release|Any CPU
		{DFD58EC4-35CC-4F2B-B9B4-9FD6AFE143D1}.Ad-Hoc|Any CPU.Deploy.0 = Release|Any CPU
		{DFD58EC4-35CC-4F2B-B9B4-9FD6AFE143D1}.Ad-Hoc|ARM.ActiveCfg = Release|Any CPU
		{DFD58EC4-35CC-4F2B-B9B4-9FD6AFE143D1}.Ad-Hoc|ARM.Build.0 = Release|Any CPU
		{DFD58EC4-35CC-4F2B-B9B4-9FD6AFE143D1}.Ad-Hoc|ARM.Deploy.0 = Release|Any CPU
		{DFD58EC4-35CC-4F2B-B9B4-9FD6AFE143D1}.Ad-Hoc|iPhone.ActiveCfg = Release|Any CPU
		{DFD58EC4-35CC-4F2B-B9B4-9FD6AFE143D1}.Ad-Hoc|iPhone.Build.0 = Release|Any CPU
		{DFD58EC4-35CC-4F2B-B9B4-9FD6AFE143D1}.Ad-Hoc|iPhone.Deploy.0 = Release|Any CPU
		{DFD58EC4-35CC-4F2B-B9B4-9FD6AFE143D1}.Ad-Hoc|iPhoneSimulator.ActiveCfg = Release|Any CPU
		{DFD58EC4-35CC-4F2B-B9B4-9FD6AFE143D1}.Ad-Hoc|iPhoneSimulator.Build.0 = Release|Any CPU
		{DFD58EC4-35CC-4F2B-B9B4-9FD6AFE143D1}.Ad-Hoc|iPhoneSimulator.Deploy.0 = Release|Any CPU
		{DFD58EC4-35CC-4F2B-B9B4-9FD6AFE143D1}.Ad-Hoc|x64.ActiveCfg = Release|Any CPU
		{DFD58EC4-35CC-4F2B-B9B4-9FD6AFE143D1}.Ad-Hoc|x64.Build.0 = Release|Any CPU
		{DFD58EC4-35CC-4F2B-B9B4-9FD6AFE143D1}.Ad-Hoc|x64.Deploy.0 = Release|Any CPU
		{DFD58EC4-35CC-4F2B-B9B4-9FD6AFE143D1}.Ad-Hoc|x86.ActiveCfg = Release|Any CPU
		{DFD58EC4-35CC-4F2B-B9B4-9FD6AFE143D1}.Ad-Hoc|x86.Build.0 = Release|Any CPU
		{DFD58EC4-35CC-4F2B-B9B4-9FD6AFE143D1}.Ad-Hoc|x86.Deploy.0 = Release|Any CPU
		{DFD58EC4-35CC-4F2B-B9B4-9FD6AFE143D1}.AppStore|Any CPU.ActiveCfg = Release|Any CPU
		{DFD58EC4-35CC-4F2B-B9B4-9FD6AFE143D1}.AppStore|Any CPU.Build.0 = Release|Any CPU
		{DFD58EC4-35CC-4F2B-B9B4-9FD6AFE143D1}.AppStore|Any CPU.Deploy.0 = Release|Any CPU
		{DFD58EC4-35CC-4F2B-B9B4-9FD6AFE143D1}.AppStore|ARM.ActiveCfg = Release|Any CPU
		{DFD58EC4-35CC-4F2B-B9B4-9FD6AFE143D1}.AppStore|ARM.Build.0 = Release|Any CPU
		{DFD58EC4-35CC-4F2B-B9B4-9FD6AFE143D1}.AppStore|ARM.Deploy.0 = Release|Any CPU
		{DFD58EC4-35CC-4F2B-B9B4-9FD6AFE143D1}.AppStore|iPhone.ActiveCfg = Release|Any CPU
		{DFD58EC4-35CC-4F2B-B9B4-9FD6AFE143D1}.AppStore|iPhone.Build.0 = Release|Any CPU
		{DFD58EC4-35CC-4F2B-B9B4-9FD6AFE143D1}.AppStore|iPhone.Deploy.0 = Release|Any CPU
		{DFD58EC4-35CC-4F2B-B9B4-9FD6AFE143D1}.AppStore|iPhoneSimulator.ActiveCfg = Release|Any CPU
		{DFD58EC4-35CC-4F2B-B9B4-9FD6AFE143D1}.AppStore|iPhoneSimulator.Build.0 = Release|Any CPU
		{DFD58EC4-35CC-4F2B-B9B4-9FD6AFE143D1}.AppStore|iPhoneSimulator.Deploy.0 = Release|Any CPU
		{DFD58EC4-35CC-4F2B-B9B4-9FD6AFE143D1}.AppStore|x64.ActiveCfg = Release|Any CPU
		{DFD58EC4-35CC-4F2B-B9B4-9FD6AFE143D1}.AppStore|x64.Build.0 = Release|Any CPU
		{DFD58EC4-35CC-4F2B-B9B4-9FD6AFE143D1}.AppStore|x64.Deploy.0 = Release|Any CPU
		{DFD58EC4-35CC-4F2B-B9B4-9FD6AFE143D1}.AppStore|x86.ActiveCfg = Release|Any CPU
		{DFD58EC4-35CC-4F2B-B9B4-9FD6AFE143D1}.AppStore|x86.Build.0 = Release|Any CPU
		{DFD58EC4-35CC-4F2B-B9B4-9FD6AFE143D1}.AppStore|x86.Deploy.0 = Release|Any CPU
		{DFD58EC4-35CC-4F2B-B9B4-9FD6AFE143D1}.Debug|Any CPU.ActiveCfg = Debug|Any CPU
		{DFD58EC4-35CC-4F2B-B9B4-9FD6AFE143D1}.Debug|Any CPU.Build.0 = Debug|Any CPU
		{DFD58EC4-35CC-4F2B-B9B4-9FD6AFE143D1}.Debug|Any CPU.Deploy.0 = Debug|Any CPU
		{DFD58EC4-35CC-4F2B-B9B4-9FD6AFE143D1}.Debug|ARM.ActiveCfg = Debug|Any CPU
		{DFD58EC4-35CC-4F2B-B9B4-9FD6AFE143D1}.Debug|ARM.Build.0 = Debug|Any CPU
		{DFD58EC4-35CC-4F2B-B9B4-9FD6AFE143D1}.Debug|ARM.Deploy.0 = Debug|Any CPU
		{DFD58EC4-35CC-4F2B-B9B4-9FD6AFE143D1}.Debug|iPhone.ActiveCfg = Debug|Any CPU
		{DFD58EC4-35CC-4F2B-B9B4-9FD6AFE143D1}.Debug|iPhone.Build.0 = Debug|Any CPU
		{DFD58EC4-35CC-4F2B-B9B4-9FD6AFE143D1}.Debug|iPhone.Deploy.0 = Debug|Any CPU
		{DFD58EC4-35CC-4F2B-B9B4-9FD6AFE143D1}.Debug|iPhoneSimulator.ActiveCfg = Debug|Any CPU
		{DFD58EC4-35CC-4F2B-B9B4-9FD6AFE143D1}.Debug|iPhoneSimulator.Build.0 = Debug|Any CPU
		{DFD58EC4-35CC-4F2B-B9B4-9FD6AFE143D1}.Debug|iPhoneSimulator.Deploy.0 = Debug|Any CPU
		{DFD58EC4-35CC-4F2B-B9B4-9FD6AFE143D1}.Debug|x64.ActiveCfg = Debug|Any CPU
		{DFD58EC4-35CC-4F2B-B9B4-9FD6AFE143D1}.Debug|x64.Build.0 = Debug|Any CPU
		{DFD58EC4-35CC-4F2B-B9B4-9FD6AFE143D1}.Debug|x64.Deploy.0 = Debug|Any CPU
		{DFD58EC4-35CC-4F2B-B9B4-9FD6AFE143D1}.Debug|x86.ActiveCfg = Debug|Any CPU
		{DFD58EC4-35CC-4F2B-B9B4-9FD6AFE143D1}.Debug|x86.Build.0 = Debug|Any CPU
		{DFD58EC4-35CC-4F2B-B9B4-9FD6AFE143D1}.Debug|x86.Deploy.0 = Debug|Any CPU
		{DFD58EC4-35CC-4F2B-B9B4-9FD6AFE143D1}.Release|Any CPU.ActiveCfg = Release|Any CPU
		{DFD58EC4-35CC-4F2B-B9B4-9FD6AFE143D1}.Release|Any CPU.Build.0 = Release|Any CPU
		{DFD58EC4-35CC-4F2B-B9B4-9FD6AFE143D1}.Release|Any CPU.Deploy.0 = Release|Any CPU
		{DFD58EC4-35CC-4F2B-B9B4-9FD6AFE143D1}.Release|ARM.ActiveCfg = Release|Any CPU
		{DFD58EC4-35CC-4F2B-B9B4-9FD6AFE143D1}.Release|ARM.Build.0 = Release|Any CPU
		{DFD58EC4-35CC-4F2B-B9B4-9FD6AFE143D1}.Release|ARM.Deploy.0 = Release|Any CPU
		{DFD58EC4-35CC-4F2B-B9B4-9FD6AFE143D1}.Release|iPhone.ActiveCfg = Release|Any CPU
		{DFD58EC4-35CC-4F2B-B9B4-9FD6AFE143D1}.Release|iPhone.Build.0 = Release|Any CPU
		{DFD58EC4-35CC-4F2B-B9B4-9FD6AFE143D1}.Release|iPhone.Deploy.0 = Release|Any CPU
		{DFD58EC4-35CC-4F2B-B9B4-9FD6AFE143D1}.Release|iPhoneSimulator.ActiveCfg = Release|Any CPU
		{DFD58EC4-35CC-4F2B-B9B4-9FD6AFE143D1}.Release|iPhoneSimulator.Build.0 = Release|Any CPU
		{DFD58EC4-35CC-4F2B-B9B4-9FD6AFE143D1}.Release|iPhoneSimulator.Deploy.0 = Release|Any CPU
		{DFD58EC4-35CC-4F2B-B9B4-9FD6AFE143D1}.Release|x64.ActiveCfg = Release|Any CPU
		{DFD58EC4-35CC-4F2B-B9B4-9FD6AFE143D1}.Release|x64.Build.0 = Release|Any CPU
		{DFD58EC4-35CC-4F2B-B9B4-9FD6AFE143D1}.Release|x64.Deploy.0 = Release|Any CPU
		{DFD58EC4-35CC-4F2B-B9B4-9FD6AFE143D1}.Release|x86.ActiveCfg = Release|Any CPU
		{DFD58EC4-35CC-4F2B-B9B4-9FD6AFE143D1}.Release|x86.Build.0 = Release|Any CPU
		{DFD58EC4-35CC-4F2B-B9B4-9FD6AFE143D1}.Release|x86.Deploy.0 = Release|Any CPU
		{C9CBD744-48AD-406E-8FBA-4A640F63A081}.Ad-Hoc|Any CPU.ActiveCfg = Ad-Hoc|iPhone
		{C9CBD744-48AD-406E-8FBA-4A640F63A081}.Ad-Hoc|ARM.ActiveCfg = Ad-Hoc|iPhone
		{C9CBD744-48AD-406E-8FBA-4A640F63A081}.Ad-Hoc|iPhone.ActiveCfg = Ad-Hoc|iPhone
		{C9CBD744-48AD-406E-8FBA-4A640F63A081}.Ad-Hoc|iPhone.Build.0 = Ad-Hoc|iPhone
		{C9CBD744-48AD-406E-8FBA-4A640F63A081}.Ad-Hoc|iPhoneSimulator.ActiveCfg = Ad-Hoc|iPhoneSimulator
		{C9CBD744-48AD-406E-8FBA-4A640F63A081}.Ad-Hoc|iPhoneSimulator.Build.0 = Ad-Hoc|iPhoneSimulator
		{C9CBD744-48AD-406E-8FBA-4A640F63A081}.Ad-Hoc|x64.ActiveCfg = Ad-Hoc|iPhone
		{C9CBD744-48AD-406E-8FBA-4A640F63A081}.Ad-Hoc|x86.ActiveCfg = Ad-Hoc|iPhone
		{C9CBD744-48AD-406E-8FBA-4A640F63A081}.AppStore|Any CPU.ActiveCfg = AppStore|iPhone
		{C9CBD744-48AD-406E-8FBA-4A640F63A081}.AppStore|ARM.ActiveCfg = AppStore|iPhone
		{C9CBD744-48AD-406E-8FBA-4A640F63A081}.AppStore|iPhone.ActiveCfg = AppStore|iPhone
		{C9CBD744-48AD-406E-8FBA-4A640F63A081}.AppStore|iPhone.Build.0 = AppStore|iPhone
		{C9CBD744-48AD-406E-8FBA-4A640F63A081}.AppStore|iPhoneSimulator.ActiveCfg = AppStore|iPhoneSimulator
		{C9CBD744-48AD-406E-8FBA-4A640F63A081}.AppStore|iPhoneSimulator.Build.0 = AppStore|iPhoneSimulator
		{C9CBD744-48AD-406E-8FBA-4A640F63A081}.AppStore|x64.ActiveCfg = AppStore|iPhone
		{C9CBD744-48AD-406E-8FBA-4A640F63A081}.AppStore|x86.ActiveCfg = AppStore|iPhone
		{C9CBD744-48AD-406E-8FBA-4A640F63A081}.Debug|Any CPU.ActiveCfg = Debug|iPhone
		{C9CBD744-48AD-406E-8FBA-4A640F63A081}.Debug|ARM.ActiveCfg = Debug|iPhone
		{C9CBD744-48AD-406E-8FBA-4A640F63A081}.Debug|iPhone.ActiveCfg = Debug|iPhone
		{C9CBD744-48AD-406E-8FBA-4A640F63A081}.Debug|iPhone.Build.0 = Debug|iPhone
		{C9CBD744-48AD-406E-8FBA-4A640F63A081}.Debug|iPhoneSimulator.ActiveCfg = Debug|iPhoneSimulator
		{C9CBD744-48AD-406E-8FBA-4A640F63A081}.Debug|iPhoneSimulator.Build.0 = Debug|iPhoneSimulator
		{C9CBD744-48AD-406E-8FBA-4A640F63A081}.Debug|x64.ActiveCfg = Debug|iPhone
		{C9CBD744-48AD-406E-8FBA-4A640F63A081}.Debug|x86.ActiveCfg = Debug|iPhone
		{C9CBD744-48AD-406E-8FBA-4A640F63A081}.Release|Any CPU.ActiveCfg = Release|iPhone
		{C9CBD744-48AD-406E-8FBA-4A640F63A081}.Release|ARM.ActiveCfg = Release|iPhone
		{C9CBD744-48AD-406E-8FBA-4A640F63A081}.Release|iPhone.ActiveCfg = Release|iPhone
		{C9CBD744-48AD-406E-8FBA-4A640F63A081}.Release|iPhone.Build.0 = Release|iPhone
		{C9CBD744-48AD-406E-8FBA-4A640F63A081}.Release|iPhoneSimulator.ActiveCfg = Release|iPhoneSimulator
		{C9CBD744-48AD-406E-8FBA-4A640F63A081}.Release|iPhoneSimulator.Build.0 = Release|iPhoneSimulator
		{C9CBD744-48AD-406E-8FBA-4A640F63A081}.Release|x64.ActiveCfg = Release|iPhone
		{C9CBD744-48AD-406E-8FBA-4A640F63A081}.Release|x86.ActiveCfg = Release|iPhone
		{DA5E09E0-14AB-43F9-A691-CB95CC99B0C3}.Ad-Hoc|Any CPU.ActiveCfg = Release|Any CPU
		{DA5E09E0-14AB-43F9-A691-CB95CC99B0C3}.Ad-Hoc|Any CPU.Build.0 = Release|Any CPU
		{DA5E09E0-14AB-43F9-A691-CB95CC99B0C3}.Ad-Hoc|Any CPU.Deploy.0 = Release|Any CPU
		{DA5E09E0-14AB-43F9-A691-CB95CC99B0C3}.Ad-Hoc|ARM.ActiveCfg = Release|ARM
		{DA5E09E0-14AB-43F9-A691-CB95CC99B0C3}.Ad-Hoc|ARM.Build.0 = Release|ARM
		{DA5E09E0-14AB-43F9-A691-CB95CC99B0C3}.Ad-Hoc|ARM.Deploy.0 = Release|ARM
		{DA5E09E0-14AB-43F9-A691-CB95CC99B0C3}.Ad-Hoc|iPhone.ActiveCfg = Release|Any CPU
		{DA5E09E0-14AB-43F9-A691-CB95CC99B0C3}.Ad-Hoc|iPhone.Build.0 = Release|Any CPU
		{DA5E09E0-14AB-43F9-A691-CB95CC99B0C3}.Ad-Hoc|iPhone.Deploy.0 = Release|Any CPU
		{DA5E09E0-14AB-43F9-A691-CB95CC99B0C3}.Ad-Hoc|iPhoneSimulator.ActiveCfg = Release|Any CPU
		{DA5E09E0-14AB-43F9-A691-CB95CC99B0C3}.Ad-Hoc|iPhoneSimulator.Build.0 = Release|Any CPU
		{DA5E09E0-14AB-43F9-A691-CB95CC99B0C3}.Ad-Hoc|iPhoneSimulator.Deploy.0 = Release|Any CPU
		{DA5E09E0-14AB-43F9-A691-CB95CC99B0C3}.Ad-Hoc|x64.ActiveCfg = Release|Any CPU
		{DA5E09E0-14AB-43F9-A691-CB95CC99B0C3}.Ad-Hoc|x64.Build.0 = Release|Any CPU
		{DA5E09E0-14AB-43F9-A691-CB95CC99B0C3}.Ad-Hoc|x64.Deploy.0 = Release|Any CPU
		{DA5E09E0-14AB-43F9-A691-CB95CC99B0C3}.Ad-Hoc|x86.ActiveCfg = Release|x86
		{DA5E09E0-14AB-43F9-A691-CB95CC99B0C3}.Ad-Hoc|x86.Build.0 = Release|x86
		{DA5E09E0-14AB-43F9-A691-CB95CC99B0C3}.Ad-Hoc|x86.Deploy.0 = Release|x86
		{DA5E09E0-14AB-43F9-A691-CB95CC99B0C3}.AppStore|Any CPU.ActiveCfg = Release|Any CPU
		{DA5E09E0-14AB-43F9-A691-CB95CC99B0C3}.AppStore|Any CPU.Build.0 = Release|Any CPU
		{DA5E09E0-14AB-43F9-A691-CB95CC99B0C3}.AppStore|Any CPU.Deploy.0 = Release|Any CPU
		{DA5E09E0-14AB-43F9-A691-CB95CC99B0C3}.AppStore|ARM.ActiveCfg = Release|ARM
		{DA5E09E0-14AB-43F9-A691-CB95CC99B0C3}.AppStore|ARM.Build.0 = Release|ARM
		{DA5E09E0-14AB-43F9-A691-CB95CC99B0C3}.AppStore|ARM.Deploy.0 = Release|ARM
		{DA5E09E0-14AB-43F9-A691-CB95CC99B0C3}.AppStore|iPhone.ActiveCfg = Release|Any CPU
		{DA5E09E0-14AB-43F9-A691-CB95CC99B0C3}.AppStore|iPhone.Build.0 = Release|Any CPU
		{DA5E09E0-14AB-43F9-A691-CB95CC99B0C3}.AppStore|iPhone.Deploy.0 = Release|Any CPU
		{DA5E09E0-14AB-43F9-A691-CB95CC99B0C3}.AppStore|iPhoneSimulator.ActiveCfg = Release|Any CPU
		{DA5E09E0-14AB-43F9-A691-CB95CC99B0C3}.AppStore|iPhoneSimulator.Build.0 = Release|Any CPU
		{DA5E09E0-14AB-43F9-A691-CB95CC99B0C3}.AppStore|iPhoneSimulator.Deploy.0 = Release|Any CPU
		{DA5E09E0-14AB-43F9-A691-CB95CC99B0C3}.AppStore|x64.ActiveCfg = Release|Any CPU
		{DA5E09E0-14AB-43F9-A691-CB95CC99B0C3}.AppStore|x64.Build.0 = Release|Any CPU
		{DA5E09E0-14AB-43F9-A691-CB95CC99B0C3}.AppStore|x64.Deploy.0 = Release|Any CPU
		{DA5E09E0-14AB-43F9-A691-CB95CC99B0C3}.AppStore|x86.ActiveCfg = Release|x86
		{DA5E09E0-14AB-43F9-A691-CB95CC99B0C3}.AppStore|x86.Build.0 = Release|x86
		{DA5E09E0-14AB-43F9-A691-CB95CC99B0C3}.AppStore|x86.Deploy.0 = Release|x86
		{DA5E09E0-14AB-43F9-A691-CB95CC99B0C3}.Debug|Any CPU.ActiveCfg = Debug|Any CPU
		{DA5E09E0-14AB-43F9-A691-CB95CC99B0C3}.Debug|Any CPU.Build.0 = Debug|Any CPU
		{DA5E09E0-14AB-43F9-A691-CB95CC99B0C3}.Debug|Any CPU.Deploy.0 = Debug|Any CPU
		{DA5E09E0-14AB-43F9-A691-CB95CC99B0C3}.Debug|ARM.ActiveCfg = Debug|ARM
		{DA5E09E0-14AB-43F9-A691-CB95CC99B0C3}.Debug|ARM.Build.0 = Debug|ARM
		{DA5E09E0-14AB-43F9-A691-CB95CC99B0C3}.Debug|ARM.Deploy.0 = Debug|ARM
		{DA5E09E0-14AB-43F9-A691-CB95CC99B0C3}.Debug|iPhone.ActiveCfg = Debug|Any CPU
		{DA5E09E0-14AB-43F9-A691-CB95CC99B0C3}.Debug|iPhone.Build.0 = Debug|Any CPU
		{DA5E09E0-14AB-43F9-A691-CB95CC99B0C3}.Debug|iPhone.Deploy.0 = Debug|Any CPU
		{DA5E09E0-14AB-43F9-A691-CB95CC99B0C3}.Debug|iPhoneSimulator.ActiveCfg = Debug|Any CPU
		{DA5E09E0-14AB-43F9-A691-CB95CC99B0C3}.Debug|iPhoneSimulator.Build.0 = Debug|Any CPU
		{DA5E09E0-14AB-43F9-A691-CB95CC99B0C3}.Debug|iPhoneSimulator.Deploy.0 = Debug|Any CPU
		{DA5E09E0-14AB-43F9-A691-CB95CC99B0C3}.Debug|x64.ActiveCfg = Debug|Any CPU
		{DA5E09E0-14AB-43F9-A691-CB95CC99B0C3}.Debug|x64.Build.0 = Debug|Any CPU
		{DA5E09E0-14AB-43F9-A691-CB95CC99B0C3}.Debug|x64.Deploy.0 = Debug|Any CPU
		{DA5E09E0-14AB-43F9-A691-CB95CC99B0C3}.Debug|x86.ActiveCfg = Debug|x86
		{DA5E09E0-14AB-43F9-A691-CB95CC99B0C3}.Debug|x86.Build.0 = Debug|x86
		{DA5E09E0-14AB-43F9-A691-CB95CC99B0C3}.Debug|x86.Deploy.0 = Debug|x86
		{DA5E09E0-14AB-43F9-A691-CB95CC99B0C3}.Release|Any CPU.ActiveCfg = Release|Any CPU
		{DA5E09E0-14AB-43F9-A691-CB95CC99B0C3}.Release|Any CPU.Build.0 = Release|Any CPU
		{DA5E09E0-14AB-43F9-A691-CB95CC99B0C3}.Release|Any CPU.Deploy.0 = Release|Any CPU
		{DA5E09E0-14AB-43F9-A691-CB95CC99B0C3}.Release|ARM.ActiveCfg = Release|ARM
		{DA5E09E0-14AB-43F9-A691-CB95CC99B0C3}.Release|ARM.Build.0 = Release|ARM
		{DA5E09E0-14AB-43F9-A691-CB95CC99B0C3}.Release|ARM.Deploy.0 = Release|ARM
		{DA5E09E0-14AB-43F9-A691-CB95CC99B0C3}.Release|iPhone.ActiveCfg = Release|Any CPU
		{DA5E09E0-14AB-43F9-A691-CB95CC99B0C3}.Release|iPhone.Build.0 = Release|Any CPU
		{DA5E09E0-14AB-43F9-A691-CB95CC99B0C3}.Release|iPhone.Deploy.0 = Release|Any CPU
		{DA5E09E0-14AB-43F9-A691-CB95CC99B0C3}.Release|iPhoneSimulator.ActiveCfg = Release|Any CPU
		{DA5E09E0-14AB-43F9-A691-CB95CC99B0C3}.Release|iPhoneSimulator.Build.0 = Release|Any CPU
		{DA5E09E0-14AB-43F9-A691-CB95CC99B0C3}.Release|iPhoneSimulator.Deploy.0 = Release|Any CPU
		{DA5E09E0-14AB-43F9-A691-CB95CC99B0C3}.Release|x64.ActiveCfg = Release|Any CPU
		{DA5E09E0-14AB-43F9-A691-CB95CC99B0C3}.Release|x64.Build.0 = Release|Any CPU
		{DA5E09E0-14AB-43F9-A691-CB95CC99B0C3}.Release|x64.Deploy.0 = Release|Any CPU
		{DA5E09E0-14AB-43F9-A691-CB95CC99B0C3}.Release|x86.ActiveCfg = Release|x86
		{DA5E09E0-14AB-43F9-A691-CB95CC99B0C3}.Release|x86.Build.0 = Release|x86
		{DA5E09E0-14AB-43F9-A691-CB95CC99B0C3}.Release|x86.Deploy.0 = Release|x86
		{34CFB331-05DF-430C-B957-DDFC17F33692}.Ad-Hoc|Any CPU.ActiveCfg = Release|Any CPU
		{34CFB331-05DF-430C-B957-DDFC17F33692}.Ad-Hoc|Any CPU.Build.0 = Release|Any CPU
		{34CFB331-05DF-430C-B957-DDFC17F33692}.Ad-Hoc|Any CPU.Deploy.0 = Release|Any CPU
		{34CFB331-05DF-430C-B957-DDFC17F33692}.Ad-Hoc|ARM.ActiveCfg = Release|ARM
		{34CFB331-05DF-430C-B957-DDFC17F33692}.Ad-Hoc|ARM.Build.0 = Release|ARM
		{34CFB331-05DF-430C-B957-DDFC17F33692}.Ad-Hoc|ARM.Deploy.0 = Release|ARM
		{34CFB331-05DF-430C-B957-DDFC17F33692}.Ad-Hoc|iPhone.ActiveCfg = Release|Any CPU
		{34CFB331-05DF-430C-B957-DDFC17F33692}.Ad-Hoc|iPhone.Build.0 = Release|Any CPU
		{34CFB331-05DF-430C-B957-DDFC17F33692}.Ad-Hoc|iPhone.Deploy.0 = Release|Any CPU
		{34CFB331-05DF-430C-B957-DDFC17F33692}.Ad-Hoc|iPhoneSimulator.ActiveCfg = Release|Any CPU
		{34CFB331-05DF-430C-B957-DDFC17F33692}.Ad-Hoc|iPhoneSimulator.Build.0 = Release|Any CPU
		{34CFB331-05DF-430C-B957-DDFC17F33692}.Ad-Hoc|iPhoneSimulator.Deploy.0 = Release|Any CPU
		{34CFB331-05DF-430C-B957-DDFC17F33692}.Ad-Hoc|x64.ActiveCfg = Release|x64
		{34CFB331-05DF-430C-B957-DDFC17F33692}.Ad-Hoc|x64.Build.0 = Release|x64
		{34CFB331-05DF-430C-B957-DDFC17F33692}.Ad-Hoc|x64.Deploy.0 = Release|x64
		{34CFB331-05DF-430C-B957-DDFC17F33692}.Ad-Hoc|x86.ActiveCfg = Release|x86
		{34CFB331-05DF-430C-B957-DDFC17F33692}.Ad-Hoc|x86.Build.0 = Release|x86
		{34CFB331-05DF-430C-B957-DDFC17F33692}.Ad-Hoc|x86.Deploy.0 = Release|x86
		{34CFB331-05DF-430C-B957-DDFC17F33692}.AppStore|Any CPU.ActiveCfg = Release|Any CPU
		{34CFB331-05DF-430C-B957-DDFC17F33692}.AppStore|Any CPU.Build.0 = Release|Any CPU
		{34CFB331-05DF-430C-B957-DDFC17F33692}.AppStore|Any CPU.Deploy.0 = Release|Any CPU
		{34CFB331-05DF-430C-B957-DDFC17F33692}.AppStore|ARM.ActiveCfg = Release|ARM
		{34CFB331-05DF-430C-B957-DDFC17F33692}.AppStore|ARM.Build.0 = Release|ARM
		{34CFB331-05DF-430C-B957-DDFC17F33692}.AppStore|ARM.Deploy.0 = Release|ARM
		{34CFB331-05DF-430C-B957-DDFC17F33692}.AppStore|iPhone.ActiveCfg = Release|Any CPU
		{34CFB331-05DF-430C-B957-DDFC17F33692}.AppStore|iPhone.Build.0 = Release|Any CPU
		{34CFB331-05DF-430C-B957-DDFC17F33692}.AppStore|iPhone.Deploy.0 = Release|Any CPU
		{34CFB331-05DF-430C-B957-DDFC17F33692}.AppStore|iPhoneSimulator.ActiveCfg = Release|Any CPU
		{34CFB331-05DF-430C-B957-DDFC17F33692}.AppStore|iPhoneSimulator.Build.0 = Release|Any CPU
		{34CFB331-05DF-430C-B957-DDFC17F33692}.AppStore|iPhoneSimulator.Deploy.0 = Release|Any CPU
		{34CFB331-05DF-430C-B957-DDFC17F33692}.AppStore|x64.ActiveCfg = Release|x64
		{34CFB331-05DF-430C-B957-DDFC17F33692}.AppStore|x64.Build.0 = Release|x64
		{34CFB331-05DF-430C-B957-DDFC17F33692}.AppStore|x64.Deploy.0 = Release|x64
		{34CFB331-05DF-430C-B957-DDFC17F33692}.AppStore|x86.ActiveCfg = Release|x86
		{34CFB331-05DF-430C-B957-DDFC17F33692}.AppStore|x86.Build.0 = Release|x86
		{34CFB331-05DF-430C-B957-DDFC17F33692}.AppStore|x86.Deploy.0 = Release|x86
		{34CFB331-05DF-430C-B957-DDFC17F33692}.Debug|Any CPU.ActiveCfg = Debug|Any CPU
		{34CFB331-05DF-430C-B957-DDFC17F33692}.Debug|Any CPU.Build.0 = Debug|Any CPU
		{34CFB331-05DF-430C-B957-DDFC17F33692}.Debug|Any CPU.Deploy.0 = Debug|Any CPU
		{34CFB331-05DF-430C-B957-DDFC17F33692}.Debug|ARM.ActiveCfg = Debug|ARM
		{34CFB331-05DF-430C-B957-DDFC17F33692}.Debug|ARM.Build.0 = Debug|ARM
		{34CFB331-05DF-430C-B957-DDFC17F33692}.Debug|ARM.Deploy.0 = Debug|ARM
		{34CFB331-05DF-430C-B957-DDFC17F33692}.Debug|iPhone.ActiveCfg = Debug|Any CPU
		{34CFB331-05DF-430C-B957-DDFC17F33692}.Debug|iPhone.Build.0 = Debug|Any CPU
		{34CFB331-05DF-430C-B957-DDFC17F33692}.Debug|iPhone.Deploy.0 = Debug|Any CPU
		{34CFB331-05DF-430C-B957-DDFC17F33692}.Debug|iPhoneSimulator.ActiveCfg = Debug|Any CPU
		{34CFB331-05DF-430C-B957-DDFC17F33692}.Debug|iPhoneSimulator.Build.0 = Debug|Any CPU
		{34CFB331-05DF-430C-B957-DDFC17F33692}.Debug|iPhoneSimulator.Deploy.0 = Debug|Any CPU
		{34CFB331-05DF-430C-B957-DDFC17F33692}.Debug|x64.ActiveCfg = Debug|x64
		{34CFB331-05DF-430C-B957-DDFC17F33692}.Debug|x64.Build.0 = Debug|x64
		{34CFB331-05DF-430C-B957-DDFC17F33692}.Debug|x64.Deploy.0 = Debug|x64
		{34CFB331-05DF-430C-B957-DDFC17F33692}.Debug|x86.ActiveCfg = Debug|x86
		{34CFB331-05DF-430C-B957-DDFC17F33692}.Debug|x86.Build.0 = Debug|x86
		{34CFB331-05DF-430C-B957-DDFC17F33692}.Debug|x86.Deploy.0 = Debug|x86
		{34CFB331-05DF-430C-B957-DDFC17F33692}.Release|Any CPU.ActiveCfg = Release|Any CPU
		{34CFB331-05DF-430C-B957-DDFC17F33692}.Release|Any CPU.Build.0 = Release|Any CPU
		{34CFB331-05DF-430C-B957-DDFC17F33692}.Release|Any CPU.Deploy.0 = Release|Any CPU
		{34CFB331-05DF-430C-B957-DDFC17F33692}.Release|ARM.ActiveCfg = Release|ARM
		{34CFB331-05DF-430C-B957-DDFC17F33692}.Release|ARM.Build.0 = Release|ARM
		{34CFB331-05DF-430C-B957-DDFC17F33692}.Release|ARM.Deploy.0 = Release|ARM
		{34CFB331-05DF-430C-B957-DDFC17F33692}.Release|iPhone.ActiveCfg = Release|Any CPU
		{34CFB331-05DF-430C-B957-DDFC17F33692}.Release|iPhone.Build.0 = Release|Any CPU
		{34CFB331-05DF-430C-B957-DDFC17F33692}.Release|iPhone.Deploy.0 = Release|Any CPU
		{34CFB331-05DF-430C-B957-DDFC17F33692}.Release|iPhoneSimulator.ActiveCfg = Release|Any CPU
		{34CFB331-05DF-430C-B957-DDFC17F33692}.Release|iPhoneSimulator.Build.0 = Release|Any CPU
		{34CFB331-05DF-430C-B957-DDFC17F33692}.Release|iPhoneSimulator.Deploy.0 = Release|Any CPU
		{34CFB331-05DF-430C-B957-DDFC17F33692}.Release|x64.ActiveCfg = Release|x64
		{34CFB331-05DF-430C-B957-DDFC17F33692}.Release|x64.Build.0 = Release|x64
		{34CFB331-05DF-430C-B957-DDFC17F33692}.Release|x64.Deploy.0 = Release|x64
		{34CFB331-05DF-430C-B957-DDFC17F33692}.Release|x86.ActiveCfg = Release|x86
		{34CFB331-05DF-430C-B957-DDFC17F33692}.Release|x86.Build.0 = Release|x86
		{34CFB331-05DF-430C-B957-DDFC17F33692}.Release|x86.Deploy.0 = Release|x86
	EndGlobalSection
	GlobalSection(SolutionProperties) = preSolution
		HideSolutionNode = FALSE
	EndGlobalSection
EndGlobal
